
Microsoft Visual Studio Solution File, Format Version 12.00
# Visual Studio Version 16
VisualStudioVersion = 16.0.32802.440
MinimumVisualStudioVersion = 10.0.40219.1
Project("{2150E333-8FDC-42A3-9474-1A3956D46DE8}") = "src", "src", "{9307C056-A6F8-4592-A384-BC3926CCABF9}"
EndProject
Project("{2150E333-8FDC-42A3-9474-1A3956D46DE8}") = "Building Blocks", "Building Blocks", "{F54E0E29-04A6-4B43-A4A0-2D0E3BC85A0B}"
EndProject
Project("{2150E333-8FDC-42A3-9474-1A3956D46DE8}") = "Services", "Services", "{9A6C83DA-6EB5-4D6D-BF57-2A0B23BCCE47}"
EndProject
Project("{2150E333-8FDC-42A3-9474-1A3956D46DE8}") = "Web", "Web", "{677C3076-4FA0-4EE7-8361-DA3741E56A13}"
EndProject
Project("{2150E333-8FDC-42A3-9474-1A3956D46DE8}") = "Identidade", "Identidade", "{B1A1461B-83E5-4295-8DE4-BE609B012FFE}"
EndProject
Project("{9A19103F-16F7-4668-BE54-9A1E7A4F7556}") = "NSE.Identidade.API", "src\services\NSE.Identidade.API\NSE.Identidade.API.csproj", "{73BD889F-E4E9-42B4-B481-0D0B0FB19E1E}"
EndProject
Project("{2150E333-8FDC-42A3-9474-1A3956D46DE8}") = "MVC", "MVC", "{E4B87D09-2726-4CCA-81B3-019249D9EBE9}"
EndProject
Project("{9A19103F-16F7-4668-BE54-9A1E7A4F7556}") = "NSE.WebApp.MVC", "src\web\NSE.WebApp.MVC\NSE.WebApp.MVC.csproj", "{27F7FD54-62A4-4F29-A65F-96AFDAAF4C5A}"
EndProject
Project("{2150E333-8FDC-42A3-9474-1A3956D46DE8}") = "Core", "Core", "{55B7D6F2-DAFC-4FBE-B36D-997CAB6DFB78}"
EndProject
Project("{9A19103F-16F7-4668-BE54-9A1E7A4F7556}") = "NSE.Core", "src\building blocks\NSE.Core\NSE.Core.csproj", "{923EA10F-738F-46A4-9BE3-8DA8D580E934}"
EndProject
Project("{2150E333-8FDC-42A3-9474-1A3956D46DE8}") = "Carrinho", "Carrinho", "{D439339B-F2E8-4B70-829A-1D6B0039CF1F}"
EndProject
Project("{9A19103F-16F7-4668-BE54-9A1E7A4F7556}") = "NSE.Carrinho.API", "src\services\NSE.Carrinho.API\NSE.Carrinho.API.csproj", "{FA655304-2174-4E44-AFFD-3950E0B2DBAD}"
EndProject
Project("{2150E333-8FDC-42A3-9474-1A3956D46DE8}") = "Catalogo", "Catalogo", "{114FF915-D23E-46D4-A086-B84250001B8F}"
EndProject
Project("{9A19103F-16F7-4668-BE54-9A1E7A4F7556}") = "NSE.Catalogo.API", "src\services\NSE.Catalogo.API\NSE.Catalogo.API.csproj", "{049F856F-8F19-4D2C-9150-2BC970447670}"
EndProject
Project("{2150E333-8FDC-42A3-9474-1A3956D46DE8}") = "Cliente", "Cliente", "{89028397-26C6-4CB4-A451-2EBD5FF34595}"
EndProject
Project("{2150E333-8FDC-42A3-9474-1A3956D46DE8}") = "Pagamento", "Pagamento", "{F2893DCE-709E-4B8C-BEB0-8DBCF6FD5D0D}"
EndProject
Project("{9A19103F-16F7-4668-BE54-9A1E7A4F7556}") = "NSE.Pagamento.API", "src\services\NSE.Pagamento.API\NSE.Pagamento.API.csproj", "{260DC5F1-234A-4AA2-BCCA-FF5BCD6C902C}"
EndProject
Project("{2150E333-8FDC-42A3-9474-1A3956D46DE8}") = "Pedido", "Pedido", "{2CC0C724-8DB5-44A2-9B1B-04032CEA7C70}"
EndProject
Project("{9A19103F-16F7-4668-BE54-9A1E7A4F7556}") = "NSE.Pedido.API", "src\services\NSE.Pedido.API\NSE.Pedido.API.csproj", "{0E272FDC-0973-41CC-9469-F66DA3CD9DBA}"
EndProject
Project("{2150E333-8FDC-42A3-9474-1A3956D46DE8}") = "Services", "Services", "{3F9D8D93-3056-44E0-ADAC-A8CD04A12763}"
EndProject
Project("{9A19103F-16F7-4668-BE54-9A1E7A4F7556}") = "NSE.WebAPI.Core", "src\building blocks\NSE.WebAPI.Core\NSE.WebAPI.Core.csproj", "{CAF1B41F-33E5-4282-B3CC-A5669E4FEAB9}"
EndProject
Project("{9A19103F-16F7-4668-BE54-9A1E7A4F7556}") = "NSE.Costumer.API", "src\services\NSE.Costumer.API\NSE.Costumer.API.csproj", "{7DBF02D0-FA98-455F-BA59-1676074C452D}"
EndProject
Project("{2150E333-8FDC-42A3-9474-1A3956D46DE8}") = "MessageBus", "MessageBus", "{180ABA95-EEA4-433E-BE04-CFB36F6BA7CB}"
EndProject
Project("{FAE04EC0-301F-11D3-BF4B-00C04F79EFBC}") = "NSE.MessageBus", "src\building blocks\NSE.MessageBus\NSE.MessageBus.csproj", "{0537B944-1F84-42A1-9702-DEC3CC51EDF4}"
EndProject
Global
	GlobalSection(SolutionConfigurationPlatforms) = preSolution
		Debug|Any CPU = Debug|Any CPU
		Release|Any CPU = Release|Any CPU
	EndGlobalSection
	GlobalSection(ProjectConfigurationPlatforms) = postSolution
		{73BD889F-E4E9-42B4-B481-0D0B0FB19E1E}.Debug|Any CPU.ActiveCfg = Debug|Any CPU
		{73BD889F-E4E9-42B4-B481-0D0B0FB19E1E}.Debug|Any CPU.Build.0 = Debug|Any CPU
		{73BD889F-E4E9-42B4-B481-0D0B0FB19E1E}.Release|Any CPU.ActiveCfg = Release|Any CPU
		{73BD889F-E4E9-42B4-B481-0D0B0FB19E1E}.Release|Any CPU.Build.0 = Release|Any CPU
		{27F7FD54-62A4-4F29-A65F-96AFDAAF4C5A}.Debug|Any CPU.ActiveCfg = Debug|Any CPU
		{27F7FD54-62A4-4F29-A65F-96AFDAAF4C5A}.Debug|Any CPU.Build.0 = Debug|Any CPU
		{27F7FD54-62A4-4F29-A65F-96AFDAAF4C5A}.Release|Any CPU.ActiveCfg = Release|Any CPU
		{27F7FD54-62A4-4F29-A65F-96AFDAAF4C5A}.Release|Any CPU.Build.0 = Release|Any CPU
		{923EA10F-738F-46A4-9BE3-8DA8D580E934}.Debug|Any CPU.ActiveCfg = Debug|Any CPU
		{923EA10F-738F-46A4-9BE3-8DA8D580E934}.Debug|Any CPU.Build.0 = Debug|Any CPU
		{923EA10F-738F-46A4-9BE3-8DA8D580E934}.Release|Any CPU.ActiveCfg = Release|Any CPU
		{923EA10F-738F-46A4-9BE3-8DA8D580E934}.Release|Any CPU.Build.0 = Release|Any CPU
		{FA655304-2174-4E44-AFFD-3950E0B2DBAD}.Debug|Any CPU.ActiveCfg = Debug|Any CPU
		{FA655304-2174-4E44-AFFD-3950E0B2DBAD}.Debug|Any CPU.Build.0 = Debug|Any CPU
		{FA655304-2174-4E44-AFFD-3950E0B2DBAD}.Release|Any CPU.ActiveCfg = Release|Any CPU
		{FA655304-2174-4E44-AFFD-3950E0B2DBAD}.Release|Any CPU.Build.0 = Release|Any CPU
		{049F856F-8F19-4D2C-9150-2BC970447670}.Debug|Any CPU.ActiveCfg = Debug|Any CPU
		{049F856F-8F19-4D2C-9150-2BC970447670}.Debug|Any CPU.Build.0 = Debug|Any CPU
		{049F856F-8F19-4D2C-9150-2BC970447670}.Release|Any CPU.ActiveCfg = Release|Any CPU
		{049F856F-8F19-4D2C-9150-2BC970447670}.Release|Any CPU.Build.0 = Release|Any CPU
		{260DC5F1-234A-4AA2-BCCA-FF5BCD6C902C}.Debug|Any CPU.ActiveCfg = Debug|Any CPU
		{260DC5F1-234A-4AA2-BCCA-FF5BCD6C902C}.Debug|Any CPU.Build.0 = Debug|Any CPU
		{260DC5F1-234A-4AA2-BCCA-FF5BCD6C902C}.Release|Any CPU.ActiveCfg = Release|Any CPU
		{260DC5F1-234A-4AA2-BCCA-FF5BCD6C902C}.Release|Any CPU.Build.0 = Release|Any CPU
		{0E272FDC-0973-41CC-9469-F66DA3CD9DBA}.Debug|Any CPU.ActiveCfg = Debug|Any CPU
		{0E272FDC-0973-41CC-9469-F66DA3CD9DBA}.Debug|Any CPU.Build.0 = Debug|Any CPU
		{0E272FDC-0973-41CC-9469-F66DA3CD9DBA}.Release|Any CPU.ActiveCfg = Release|Any CPU
		{0E272FDC-0973-41CC-9469-F66DA3CD9DBA}.Release|Any CPU.Build.0 = Release|Any CPU
		{CAF1B41F-33E5-4282-B3CC-A5669E4FEAB9}.Debug|Any CPU.ActiveCfg = Debug|Any CPU
		{CAF1B41F-33E5-4282-B3CC-A5669E4FEAB9}.Debug|Any CPU.Build.0 = Debug|Any CPU
		{CAF1B41F-33E5-4282-B3CC-A5669E4FEAB9}.Release|Any CPU.ActiveCfg = Release|Any CPU
		{CAF1B41F-33E5-4282-B3CC-A5669E4FEAB9}.Release|Any CPU.Build.0 = Release|Any CPU
		{7DBF02D0-FA98-455F-BA59-1676074C452D}.Debug|Any CPU.ActiveCfg = Debug|Any CPU
		{7DBF02D0-FA98-455F-BA59-1676074C452D}.Debug|Any CPU.Build.0 = Debug|Any CPU
		{7DBF02D0-FA98-455F-BA59-1676074C452D}.Release|Any CPU.ActiveCfg = Release|Any CPU
		{7DBF02D0-FA98-455F-BA59-1676074C452D}.Release|Any CPU.Build.0 = Release|Any CPU
		{0537B944-1F84-42A1-9702-DEC3CC51EDF4}.Debug|Any CPU.ActiveCfg = Debug|Any CPU
		{0537B944-1F84-42A1-9702-DEC3CC51EDF4}.Debug|Any CPU.Build.0 = Debug|Any CPU
		{0537B944-1F84-42A1-9702-DEC3CC51EDF4}.Release|Any CPU.ActiveCfg = Release|Any CPU
		{0537B944-1F84-42A1-9702-DEC3CC51EDF4}.Release|Any CPU.Build.0 = Release|Any CPU
	EndGlobalSection
	GlobalSection(SolutionProperties) = preSolution
		HideSolutionNode = FALSE
	EndGlobalSection
	GlobalSection(NestedProjects) = preSolution
		{F54E0E29-04A6-4B43-A4A0-2D0E3BC85A0B} = {9307C056-A6F8-4592-A384-BC3926CCABF9}
		{9A6C83DA-6EB5-4D6D-BF57-2A0B23BCCE47} = {9307C056-A6F8-4592-A384-BC3926CCABF9}
		{677C3076-4FA0-4EE7-8361-DA3741E56A13} = {9307C056-A6F8-4592-A384-BC3926CCABF9}
		{B1A1461B-83E5-4295-8DE4-BE609B012FFE} = {9A6C83DA-6EB5-4D6D-BF57-2A0B23BCCE47}
		{73BD889F-E4E9-42B4-B481-0D0B0FB19E1E} = {B1A1461B-83E5-4295-8DE4-BE609B012FFE}
		{E4B87D09-2726-4CCA-81B3-019249D9EBE9} = {677C3076-4FA0-4EE7-8361-DA3741E56A13}
		{27F7FD54-62A4-4F29-A65F-96AFDAAF4C5A} = {E4B87D09-2726-4CCA-81B3-019249D9EBE9}
		{55B7D6F2-DAFC-4FBE-B36D-997CAB6DFB78} = {F54E0E29-04A6-4B43-A4A0-2D0E3BC85A0B}
		{923EA10F-738F-46A4-9BE3-8DA8D580E934} = {55B7D6F2-DAFC-4FBE-B36D-997CAB6DFB78}
		{D439339B-F2E8-4B70-829A-1D6B0039CF1F} = {9A6C83DA-6EB5-4D6D-BF57-2A0B23BCCE47}
		{FA655304-2174-4E44-AFFD-3950E0B2DBAD} = {D439339B-F2E8-4B70-829A-1D6B0039CF1F}
		{114FF915-D23E-46D4-A086-B84250001B8F} = {9A6C83DA-6EB5-4D6D-BF57-2A0B23BCCE47}
		{049F856F-8F19-4D2C-9150-2BC970447670} = {114FF915-D23E-46D4-A086-B84250001B8F}
		{89028397-26C6-4CB4-A451-2EBD5FF34595} = {9A6C83DA-6EB5-4D6D-BF57-2A0B23BCCE47}
		{F2893DCE-709E-4B8C-BEB0-8DBCF6FD5D0D} = {9A6C83DA-6EB5-4D6D-BF57-2A0B23BCCE47}
		{260DC5F1-234A-4AA2-BCCA-FF5BCD6C902C} = {F2893DCE-709E-4B8C-BEB0-8DBCF6FD5D0D}
		{2CC0C724-8DB5-44A2-9B1B-04032CEA7C70} = {9A6C83DA-6EB5-4D6D-BF57-2A0B23BCCE47}
		{0E272FDC-0973-41CC-9469-F66DA3CD9DBA} = {2CC0C724-8DB5-44A2-9B1B-04032CEA7C70}
		{3F9D8D93-3056-44E0-ADAC-A8CD04A12763} = {F54E0E29-04A6-4B43-A4A0-2D0E3BC85A0B}
		{CAF1B41F-33E5-4282-B3CC-A5669E4FEAB9} = {3F9D8D93-3056-44E0-ADAC-A8CD04A12763}
		{7DBF02D0-FA98-455F-BA59-1676074C452D} = {89028397-26C6-4CB4-A451-2EBD5FF34595}
		{180ABA95-EEA4-433E-BE04-CFB36F6BA7CB} = {F54E0E29-04A6-4B43-A4A0-2D0E3BC85A0B}
		{0537B944-1F84-42A1-9702-DEC3CC51EDF4} = {180ABA95-EEA4-433E-BE04-CFB36F6BA7CB}
	EndGlobalSection
	GlobalSection(ExtensibilityGlobals) = postSolution
		SolutionGuid = {AD1A561F-3DD9-4BDC-8D84-84ABD296DC31}
	EndGlobalSection
EndGlobal
